// !$*UTF8*$!
{
	archiveVersion = 1;
	classes = {
	};
	objectVersion = 46;
	objects = {

/* Begin PBXBuildFile section */
		77B8DDC21DB0759C008B54F4 /* main.m in Sources */ = {isa = PBXBuildFile; fileRef = 77B8DDC11DB0759C008B54F4 /* main.m */; };
		77B8DDC51DB0759C008B54F4 /* AppDelegate.m in Sources */ = {isa = PBXBuildFile; fileRef = 77B8DDC41DB0759C008B54F4 /* AppDelegate.m */; };
		77B8DDC81DB0759C008B54F4 /* ViewController.m in Sources */ = {isa = PBXBuildFile; fileRef = 77B8DDC71DB0759C008B54F4 /* ViewController.m */; };
		77B8DDCB1DB0759C008B54F4 /* Main.storyboard in Resources */ = {isa = PBXBuildFile; fileRef = 77B8DDC91DB0759C008B54F4 /* Main.storyboard */; };
		77B8DDCD1DB0759C008B54F4 /* Assets.xcassets in Resources */ = {isa = PBXBuildFile; fileRef = 77B8DDCC1DB0759C008B54F4 /* Assets.xcassets */; };
		77B8DDD01DB0759C008B54F4 /* LaunchScreen.storyboard in Resources */ = {isa = PBXBuildFile; fileRef = 77B8DDCE1DB0759C008B54F4 /* LaunchScreen.storyboard */; };
		77B8DDD81DB07643008B54F4 /* source.gif in Resources */ = {isa = PBXBuildFile; fileRef = 77B8DDD71DB07643008B54F4 /* source.gif */; };
		77B8DDDB1DB0766B008B54F4 /* JQImageView.m in Sources */ = {isa = PBXBuildFile; fileRef = 77B8DDDA1DB0766B008B54F4 /* JQImageView.m */; };
		EF5D558C83BA3040C84279FF /* libPods-GIFProject.a in Frameworks */ = {isa = PBXBuildFile; fileRef = 37A0F7AF255EACF42412E68A /* libPods-GIFProject.a */; };
/* End PBXBuildFile section */

/* Begin PBXFileReference section */
		37A0F7AF255EACF42412E68A /* libPods-GIFProject.a */ = {isa = PBXFileReference; explicitFileType = archive.ar; includeInIndex = 0; path = "libPods-GIFProject.a"; sourceTree = BUILT_PRODUCTS_DIR; };
		4D9ED5B2F197A89B4AB65FAE /* Pods-GIFProject.release.xcconfig */ = {isa = PBXFileReference; includeInIndex = 1; lastKnownFileType = text.xcconfig; name = "Pods-GIFProject.release.xcconfig"; path = "Pods/Target Support Files/Pods-GIFProject/Pods-GIFProject.release.xcconfig"; sourceTree = "<group>"; };
		77B8DDBD1DB0759C008B54F4 /* GIFProject.app */ = {isa = PBXFileReference; explicitFileType = wrapper.application; includeInIndex = 0; path = GIFProject.app; sourceTree = BUILT_PRODUCTS_DIR; };
		77B8DDC11DB0759C008B54F4 /* main.m */ = {isa = PBXFileReference; lastKnownFileType = sourcecode.c.objc; path = main.m; sourceTree = "<group>"; };
		77B8DDC31DB0759C008B54F4 /* AppDelegate.h */ = {isa = PBXFileReference; lastKnownFileType = sourcecode.c.h; path = AppDelegate.h; sourceTree = "<group>"; };
		77B8DDC41DB0759C008B54F4 /* AppDelegate.m */ = {isa = PBXFileReference; lastKnownFileType = sourcecode.c.objc; path = AppDelegate.m; sourceTree = "<group>"; };
		77B8DDC61DB0759C008B54F4 /* ViewController.h */ = {isa = PBXFileReference; lastKnownFileType = sourcecode.c.h; path = ViewController.h; sourceTree = "<group>"; };
		77B8DDC71DB0759C008B54F4 /* ViewController.m */ = {isa = PBXFileReference; lastKnownFileType = sourcecode.c.objc; path = ViewController.m; sourceTree = "<group>"; };
		77B8DDCA1DB0759C008B54F4 /* Base */ = {isa = PBXFileReference; lastKnownFileType = file.storyboard; name = Base; path = Base.lproj/Main.storyboard; sourceTree = "<group>"; };
		77B8DDCC1DB0759C008B54F4 /* Assets.xcassets */ = {isa = PBXFileReference; lastKnownFileType = folder.assetcatalog; path = Assets.xcassets; sourceTree = "<group>"; };
		77B8DDCF1DB0759C008B54F4 /* Base */ = {isa = PBXFileReference; lastKnownFileType = file.storyboard; name = Base; path = Base.lproj/LaunchScreen.storyboard; sourceTree = "<group>"; };
		77B8DDD11DB0759C008B54F4 /* Info.plist */ = {isa = PBXFileReference; lastKnownFileType = text.plist.xml; path = Info.plist; sourceTree = "<group>"; };
		77B8DDD71DB07643008B54F4 /* source.gif */ = {isa = PBXFileReference; lastKnownFileType = image.gif; path = source.gif; sourceTree = "<group>"; };
		77B8DDD91DB0766B008B54F4 /* JQImageView.h */ = {isa = PBXFileReference; fileEncoding = 4; lastKnownFileType = sourcecode.c.h; path = JQImageView.h; sourceTree = "<group>"; };
		77B8DDDA1DB0766B008B54F4 /* JQImageView.m */ = {isa = PBXFileReference; fileEncoding = 4; lastKnownFileType = sourcecode.c.objc; path = JQImageView.m; sourceTree = "<group>"; };
		8B78EC99E342EAD39DB3D387 /* Pods-GIFProject.debug.xcconfig */ = {isa = PBXFileReference; includeInIndex = 1; lastKnownFileType = text.xcconfig; name = "Pods-GIFProject.debug.xcconfig"; path = "Pods/Target Support Files/Pods-GIFProject/Pods-GIFProject.debug.xcconfig"; sourceTree = "<group>"; };
/* End PBXFileReference section */

/* Begin PBXFrameworksBuildPhase section */
		77B8DDBA1DB0759C008B54F4 /* Frameworks */ = {
			isa = PBXFrameworksBuildPhase;
			buildActionMask = 2147483647;
			files = (
				EF5D558C83BA3040C84279FF /* libPods-GIFProject.a in Frameworks */,
			);
			runOnlyForDeploymentPostprocessing = 0;
		};
/* End PBXFrameworksBuildPhase section */

/* Begin PBXGroup section */
		53ABF3128A963FD93E4646A3 /* Pods */ = {
			isa = PBXGroup;
			children = (
				8B78EC99E342EAD39DB3D387 /* Pods-GIFProject.debug.xcconfig */,
				4D9ED5B2F197A89B4AB65FAE /* Pods-GIFProject.release.xcconfig */,
			);
			name = Pods;
			sourceTree = "<group>";
		};
		77B8DDB41DB0759C008B54F4 = {
			isa = PBXGroup;
			children = (
				77B8DDBF1DB0759C008B54F4 /* GIFProject */,
				77B8DDBE1DB0759C008B54F4 /* Products */,
				53ABF3128A963FD93E4646A3 /* Pods */,
				D17E6509D906155347EECC03 /* Frameworks */,
			);
			sourceTree = "<group>";
		};
		77B8DDBE1DB0759C008B54F4 /* Products */ = {
			isa = PBXGroup;
			children = (
				77B8DDBD1DB0759C008B54F4 /* GIFProject.app */,
			);
			name = Products;
			sourceTree = "<group>";
		};
		77B8DDBF1DB0759C008B54F4 /* GIFProject */ = {
			isa = PBXGroup;
			children = (
				77B8DDC31DB0759C008B54F4 /* AppDelegate.h */,
				77B8DDC41DB0759C008B54F4 /* AppDelegate.m */,
				77B8DDC61DB0759C008B54F4 /* ViewController.h */,
				77B8DDC71DB0759C008B54F4 /* ViewController.m */,
				77B8DDD91DB0766B008B54F4 /* JQImageView.h */,
				77B8DDDA1DB0766B008B54F4 /* JQImageView.m */,
				77B8DDC91DB0759C008B54F4 /* Main.storyboard */,
				77B8DDCC1DB0759C008B54F4 /* Assets.xcassets */,
				77B8DDCE1DB0759C008B54F4 /* LaunchScreen.storyboard */,
				77B8DDD11DB0759C008B54F4 /* Info.plist */,
				77B8DDD71DB07643008B54F4 /* source.gif */,
				77B8DDC01DB0759C008B54F4 /* Supporting Files */,
			);
			path = GIFProject;
			sourceTree = "<group>";
		};
		77B8DDC01DB0759C008B54F4 /* Supporting Files */ = {
			isa = PBXGroup;
			children = (
				77B8DDC11DB0759C008B54F4 /* main.m */,
			);
			name = "Supporting Files";
			sourceTree = "<group>";
		};
		D17E6509D906155347EECC03 /* Frameworks */ = {
			isa = PBXGroup;
			children = (
				37A0F7AF255EACF42412E68A /* libPods-GIFProject.a */,
			);
			name = Frameworks;
			sourceTree = "<group>";
		};
/* End PBXGroup section */

/* Begin PBXNativeTarget section */
		77B8DDBC1DB0759C008B54F4 /* GIFProject */ = {
			isa = PBXNativeTarget;
			buildConfigurationList = 77B8DDD41DB0759C008B54F4 /* Build configuration list for PBXNativeTarget "GIFProject" */;
			buildPhases = (
				D17DA5D16C5CA0052BC21F61 /* [CP] Check Pods Manifest.lock */,
				77B8DDB91DB0759C008B54F4 /* Sources */,
				77B8DDBA1DB0759C008B54F4 /* Frameworks */,
				77B8DDBB1DB0759C008B54F4 /* Resources */,
				51CB360673DFCF8044E4DEFC /* [CP] Embed Pods Frameworks */,
				585B7B6747A1719CB7D39376 /* [CP] Copy Pods Resources */,
			);
			buildRules = (
			);
			dependencies = (
			);
			name = GIFProject;
			productName = GIFProject;
			productReference = 77B8DDBD1DB0759C008B54F4 /* GIFProject.app */;
			productType = "com.apple.product-type.application";
		};
/* End PBXNativeTarget section */

/* Begin PBXProject section */
		77B8DDB51DB0759C008B54F4 /* Project object */ = {
			isa = PBXProject;
			attributes = {
				LastUpgradeCheck = 0730;
				ORGANIZATIONNAME = maoge;
				TargetAttributes = {
					77B8DDBC1DB0759C008B54F4 = {
						CreatedOnToolsVersion = 7.3.1;
						DevelopmentTeam = 47LF34TNU8;
					};
				};
			};
			buildConfigurationList = 77B8DDB81DB0759C008B54F4 /* Build configuration list for PBXProject "GIFProject" */;
			compatibilityVersion = "Xcode 3.2";
			developmentRegion = English;
			hasScannedForEncodings = 0;
			knownRegions = (
				en,
				Base,
			);
			mainGroup = 77B8DDB41DB0759C008B54F4;
			productRefGroup = 77B8DDBE1DB0759C008B54F4 /* Products */;
			projectDirPath = "";
			projectRoot = "";
			targets = (
				77B8DDBC1DB0759C008B54F4 /* GIFProject */,
			);
		};
/* End PBXProject section */

/* Begin PBXResourcesBuildPhase section */
		77B8DDBB1DB0759C008B54F4 /* Resources */ = {
			isa = PBXResourcesBuildPhase;
			buildActionMask = 2147483647;
			files = (
				77B8DDD01DB0759C008B54F4 /* LaunchScreen.storyboard in Resources */,
				77B8DDCD1DB0759C008B54F4 /* Assets.xcassets in Resources */,
				77B8DDCB1DB0759C008B54F4 /* Main.storyboard in Resources */,
				77B8DDD81DB07643008B54F4 /* source.gif in Resources */,
			);
			runOnlyForDeploymentPostprocessing = 0;
		};
/* End PBXResourcesBuildPhase section */

/* Begin PBXShellScriptBuildPhase section */
		51CB360673DFCF8044E4DEFC /* [CP] Embed Pods Frameworks */ = {
			isa = PBXShellScriptBuildPhase;
			buildActionMask = 2147483647;
			files = (
			);
			inputPaths = (
			);
			name = "[CP] Embed Pods Frameworks";
			outputPaths = (
			);
			runOnlyForDeploymentPostprocessing = 0;
			shellPath = /bin/sh;
			shellScript = "\"${SRCROOT}/Pods/Target Support Files/Pods-GIFProject/Pods-GIFProject-frameworks.sh\"\n";
			showEnvVarsInLog = 0;
		};
		585B7B6747A1719CB7D39376 /* [CP] Copy Pods Resources */ = {
			isa = PBXShellScriptBuildPhase;
			buildActionMask = 2147483647;
			files = (
			);
			inputPaths = (
			);
			name = "[CP] Copy Pods Resources";
			outputPaths = (
			);
			runOnlyForDeploymentPostprocessing = 0;
			shellPath = /bin/sh;
			shellScript = "\"${SRCROOT}/Pods/Target Support Files/Pods-GIFProject/Pods-GIFProject-resources.sh\"\n";
			showEnvVarsInLog = 0;
		};
		D17DA5D16C5CA0052BC21F61 /* [CP] Check Pods Manifest.lock */ = {
			isa = PBXShellScriptBuildPhase;
			buildActionMask = 2147483647;
			files = (
			);
			inputPaths = (
			);
			name = "[CP] Check Pods Manifest.lock";
			outputPaths = (
			);
			runOnlyForDeploymentPostprocessing = 0;
			shellPath = /bin/sh;
			shellScript = "diff \"${PODS_ROOT}/../Podfile.lock\" \"${PODS_ROOT}/Manifest.lock\" > /dev/null\nif [[ $? != 0 ]] ; then\n    cat << EOM\nerror: The sandbox is not in sync with the Podfile.lock. Run 'pod install' or update your CocoaPods installation.\nEOM\n    exit 1\nfi\n";
			showEnvVarsInLog = 0;
		};
/* End PBXShellScriptBuildPhase section */

/* Begin PBXSourcesBuildPhase section */
		77B8DDB91DB0759C008B54F4 /* Sources */ = {
			isa = PBXSourcesBuildPhase;
			buildActionMask = 2147483647;
			files = (
				77B8DDC81DB0759C008B54F4 /* ViewController.m in Sources */,
				77B8DDDB1DB0766B008B54F4 /* JQImageView.m in Sources */,
				77B8DDC51DB0759C008B54F4 /* AppDelegate.m in Sources */,
				77B8DDC21DB0759C008B54F4 /* main.m in Sources */,
			);
			runOnlyForDeploymentPostprocessing = 0;
		};
/* End PBXSourcesBuildPhase section */

/* Begin PBXVariantGroup section */
		77B8DDC91DB0759C008B54F4 /* Main.storyboard */ = {
			isa = PBXVariantGroup;
			children = (
				77B8DDCA1DB0759C008B54F4 /* Base */,
			);
			name = Main.storyboard;
			sourceTree = "<group>";
		};
		77B8DDCE1DB0759C008B54F4 /* LaunchScreen.storyboard */ = {
			isa = PBXVariantGroup;
			children = (
				77B8DDCF1DB0759C008B54F4 /* Base */,
			);
			name = LaunchScreen.storyboard;
			sourceTree = "<group>";
		};
/* End PBXVariantGroup section */

/* Begin XCBuildConfiguration section */
		77B8DDD21DB0759C008B54F4 /* Debug */ = {
			isa = XCBuildConfiguration;
			buildSettings = {
				ALWAYS_SEARCH_USER_PATHS = NO;
				CLANG_ANALYZER_NONNULL = YES;
				CLANG_CXX_LANGUAGE_STANDARD = "gnu++0x";
				CLANG_CXX_LIBRARY = "libc++";
				CLANG_ENABLE_MODULES = YES;
				CLANG_ENABLE_OBJC_ARC = YES;
				CLANG_WARN_BOOL_CONVERSION = YES;
				CLANG_WARN_CONSTANT_CONVERSION = YES;
				CLANG_WARN_DIRECT_OBJC_ISA_USAGE = YES_ERROR;
				CLANG_WARN_EMPTY_BODY = YES;
				CLANG_WARN_ENUM_CONVERSION = YES;
				CLANG_WARN_INT_CONVERSION = YES;
				CLANG_WARN_OBJC_ROOT_CLASS = YES_ERROR;
				CLANG_WARN_UNREACHABLE_CODE = YES;
				CLANG_WARN__DUPLICATE_METHOD_MATCH = YES;
				"CODE_SIGN_IDENTITY[sdk=iphoneos*]" = "iPhone Developer";
				COPY_PHASE_STRIP = NO;
				DEBUG_INFORMATION_FORMAT = dwarf;
				ENABLE_STRICT_OBJC_MSGSEND = YES;
				ENABLE_TESTABILITY = YES;
				GCC_C_LANGUAGE_STANDARD = gnu99;
				GCC_DYNAMIC_NO_PIC = NO;
				GCC_NO_COMMON_BLOCKS = YES;
				GCC_OPTIMIZATION_LEVEL = 0;
				GCC_PREPROCESSOR_DEFINITIONS = (
					"DEBUG=1",
					"$(inherited)",
				);
				GCC_WARN_64_TO_32_BIT_CONVERSION = YES;
				GCC_WARN_ABOUT_RETURN_TYPE = YES_ERROR;
				GCC_WARN_UNDECLARED_SELECTOR = YES;
				GCC_WARN_UNINITIALIZED_AUTOS = YES_AGGRESSIVE;
				GCC_WARN_UNUSED_FUNCTION = YES;
				GCC_WARN_UNUSED_VARIABLE = YES;
				IPHONEOS_DEPLOYMENT_TARGET = 9.3;
				MTL_ENABLE_DEBUG_INFO = YES;
				ONLY_ACTIVE_ARCH = YES;
				SDKROOT = iphoneos;
			};
			name = Debug;
		};
		77B8DDD31DB0759C008B54F4 /* Release */ = {
			isa = XCBuildConfiguration;
			buildSettings = {
				ALWAYS_SEARCH_USER_PATHS = NO;
				CLANG_ANALYZER_NONNULL = YES;
				CLANG_CXX_LANGUAGE_STANDARD = "gnu++0x";
				CLANG_CXX_LIBRARY = "libc++";
				CLANG_ENABLE_MODULES = YES;
				CLANG_ENABLE_OBJC_ARC = YES;
				CLANG_WARN_BOOL_CONVERSION = YES;
				CLANG_WARN_CONSTANT_CONVERSION = YES;
				CLANG_WARN_DIRECT_OBJC_ISA_USAGE = YES_ERROR;
				CLANG_WARN_EMPTY_BODY = YES;
				CLANG_WARN_ENUM_CONVERSION = YES;
				CLANG_WARN_INT_CONVERSION = YES;
				CLANG_WARN_OBJC_ROOT_CLASS = YES_ERROR;
				CLANG_WARN_UNREACHABLE_CODE = YES;
				CLANG_WARN__DUPLICATE_METHOD_MATCH = YES;
				"CODE_SIGN_IDENTITY[sdk=iphoneos*]" = "iPhone Developer";
				COPY_PHASE_STRIP = NO;
				DEBUG_INFORMATION_FORMAT = "dwarf-with-dsym";
				ENABLE_NS_ASSERTIONS = NO;
				ENABLE_STRICT_OBJC_MSGSEND = YES;
				GCC_C_LANGUAGE_STANDARD = gnu99;
				GCC_NO_COMMON_BLOCKS = YES;
				GCC_WARN_64_TO_32_BIT_CONVERSION = YES;
				GCC_WARN_ABOUT_RETURN_TYPE = YES_ERROR;
				GCC_WARN_UNDECLARED_SELECTOR = YES;
				GCC_WARN_UNINITIALIZED_AUTOS = YES_AGGRESSIVE;
				GCC_WARN_UNUSED_FUNCTION = YES;
				GCC_WARN_UNUSED_VARIABLE = YES;
				IPHONEOS_DEPLOYMENT_TARGET = 9.3;
				MTL_ENABLE_DEBUG_INFO = NO;
				SDKROOT = iphoneos;
				VALIDATE_PRODUCT = YES;
			};
			name = Release;
		};
		77B8DDD51DB0759C008B54F4 /* Debug */ = {
			isa = XCBuildConfiguration;
			baseConfigurationReference = 8B78EC99E342EAD39DB3D387 /* Pods-GIFProject.debug.xcconfig */;
			buildSettings = {
				ASSETCATALOG_COMPILER_APPICON_NAME = AppIcon;
				INFOPLIST_FILE = GIFProject/Info.plist;
				LD_RUNPATH_SEARCH_PATHS = "$(inherited) @executable_path/Frameworks";
				PRODUCT_BUNDLE_IDENTIFIER = iOS.GIFProject;
				PRODUCT_NAME = "$(TARGET_NAME)";
			};
			name = Debug;
		};
		77B8DDD61DB0759C008B54F4 /* Release */ = {
			isa = XCBuildConfiguration;
			baseConfigurationReference = 4D9ED5B2F197A89B4AB65FAE /* Pods-GIFProject.release.xcconfig */;
			buildSettings = {
				ASSETCATALOG_COMPILER_APPICON_NAME = AppIcon;
				INFOPLIST_FILE = GIFProject/Info.plist;
				LD_RUNPATH_SEARCH_PATHS = "$(inherited) @executable_path/Frameworks";
				PRODUCT_BUNDLE_IDENTIFIER = iOS.GIFProject;
				PRODUCT_NAME = "$(TARGET_NAME)";
			};
			name = Release;
		};
/* End XCBuildConfiguration section */

/* Begin XCConfigurationList section */
		77B8DDB81DB0759C008B54F4 /* Build configuration list for PBXProject "GIFProject" */ = {
			isa = XCConfigurationList;
			buildConfigurations = (
				77B8DDD21DB0759C008B54F4 /* Debug */,
				77B8DDD31DB0759C008B54F4 /* Release */,
			);
			defaultConfigurationIsVisible = 0;
			defaultConfigurationName = Release;
		};
		77B8DDD41DB0759C008B54F4 /* Build configuration list for PBXNativeTarget "GIFProject" */ = {
			isa = XCConfigurationList;
			buildConfigurations = (
				77B8DDD51DB0759C008B54F4 /* Debug */,
				77B8DDD61DB0759C008B54F4 /* Release */,
			);
			defaultConfigurationIsVisible = 0;
			defaultConfigurationName = Release;
		};
/* End XCConfigurationList section */
	};
	rootObject = 77B8DDB51DB0759C008B54F4 /* Project object */;
}
